{
  "name": "assets",
  "lockfileVersion": 2,
  "requires": true,
  "packages": {
    "": {
      "dependencies": {
        "trix": "^2.1.1"
      }
    },
    "node_modules/trix": {
      "version": "2.1.1",
      "resolved": "https://registry.npmjs.org/trix/-/trix-2.1.1.tgz",
      "integrity": "sha512-IljOMGOlRUPg1i5Pk/+x/Ia65ZY7Gw5JxxKCh/4caxG5ZaKuFJCKdn1+TF0efUYfdg+bqWenB/mAYCHjZu0zpQ=="
    }
  },
  "dependencies": {
    "trix": {
      "version": "2.1.1",
      "resolved": "https://registry.npmjs.org/trix/-/trix-2.1.1.tgz",
      "integrity": "sha512-IljOMGOlRUPg1i5Pk/+x/Ia65ZY7Gw5JxxKCh/4caxG5ZaKuFJCKdn1+TF0efUYfdg+bqWenB/mAYCHjZu0zpQ=="
    }
  }
}
